// !$*UTF8*$!
{
	archiveVersion = 1;
	classes = {
	};
	objectVersion = 77;
	objects = {

/* Begin PBXContainerItemProxy section */
		18ADA00B2E5FADD700ECDB14 /* PBXContainerItemProxy */ = {
			isa = PBXContainerItemProxy;
			containerPortal = 18AD9FF52E5FADD500ECDB14 /* Project object */;
			proxyType = 1;
			remoteGlobalIDString = 18AD9FFC2E5FADD500ECDB14;
			remoteInfo = Flashy;
		};
		18ADA0152E5FADD700ECDB14 /* PBXContainerItemProxy */ = {
			isa = PBXContainerItemProxy;
			containerPortal = 18AD9FF52E5FADD500ECDB14 /* Project object */;
			proxyType = 1;
			remoteGlobalIDString = 18AD9FFC2E5FADD500ECDB14;
			remoteInfo = Flashy;
		};
/* End PBXContainerItemProxy section */

/* Begin PBXFileReference section */
		18AD9FFD2E5FADD500ECDB14 /* Flashy.app */ = {isa = PBXFileReference; explicitFileType = wrapper.application; includeInIndex = 0; path = Flashy.app; sourceTree = BUILT_PRODUCTS_DIR; };
		18ADA00A2E5FADD700ECDB14 /* FlashyTests.xctest */ = {isa = PBXFileReference; explicitFileType = wrapper.cfbundle; includeInIndex = 0; path = FlashyTests.xctest; sourceTree = BUILT_PRODUCTS_DIR; };
		18ADA0142E5FADD700ECDB14 /* FlashyUITests.xctest */ = {isa = PBXFileReference; explicitFileType = wrapper.cfbundle; includeInIndex = 0; path = FlashyUITests.xctest; sourceTree = BUILT_PRODUCTS_DIR; };
/* End PBXFileReference section */

/* Begin PBXFileSystemSynchronizedRootGroup section */
		18AD9FFF2E5FADD500ECDB14 /* Flashy */ = {
			isa = PBXFileSystemSynchronizedRootGroup;
			path = Flashy;
			sourceTree = "<group>";
		};
		18ADA00D2E5FADD700ECDB14 /* FlashyTests */ = {
			isa = PBXFileSystemSynchronizedRootGroup;
			path = FlashyTests;
			sourceTree = "<group>";
		};
		18ADA0172E5FADD700ECDB14 /* FlashyUITests */ = {
			isa = PBXFileSystemSynchronizedRootGroup;
			path = FlashyUITests;
			sourceTree = "<group>";
		};
/* End PBXFileSystemSynchronizedRootGroup section */

/* Begin PBXFrameworksBuildPhase section */
		18AD9FFA2E5FADD500ECDB14 /* Frameworks */ = {
			isa = PBXFrameworksBuildPhase;
			buildActionMask = 2147483647;
			files = (
			);
			runOnlyForDeploymentPostprocessing = 0;
		};
		18ADA0072E5FADD700ECDB14 /* Frameworks */ = {
			isa = PBXFrameworksBuildPhase;
			buildActionMask = 2147483647;
			files = (
			);
			runOnlyForDeploymentPostprocessing = 0;
		};
		18ADA0112E5FADD700ECDB14 /* Frameworks */ = {
			isa = PBXFrameworksBuildPhase;
			buildActionMask = 2147483647;
			files = (
			);
			runOnlyForDeploymentPostprocessing = 0;
		};
/* End PBXFrameworksBuildPhase section */

/* Begin PBXGroup section */
		18AD9FF42E5FADD500ECDB14 = {
			isa = PBXGroup;
			children = (
				18AD9FFF2E5FADD500ECDB14 /* Flashy */,
				18ADA00D2E5FADD700ECDB14 /* FlashyTests */,
				18ADA0172E5FADD700ECDB14 /* FlashyUITests */,
				18AD9FFE2E5FADD500ECDB14 /* Products */,
			);
			sourceTree = "<group>";
		};
		18AD9FFE2E5FADD500ECDB14 /* Products */ = {
			isa = PBXGroup;
			children = (
				18AD9FFD2E5FADD500ECDB14 /* Flashy.app */,
				18ADA00A2E5FADD700ECDB14 /* FlashyTests.xctest */,
				18ADA0142E5FADD700ECDB14 /* FlashyUITests.xctest */,
			);
			name = Products;
			sourceTree = "<group>";
		};
/* End PBXGroup section */

/* Begin PBXNativeTarget section */
		18AD9FFC2E5FADD500ECDB14 /* Flashy */ = {
			isa = PBXNativeTarget;
			buildConfigurationList = 18ADA01E2E5FADD700ECDB14 /* Build configuration list for PBXNativeTarget "Flashy" */;
			buildPhases = (
				18AD9FF92E5FADD500ECDB14 /* Sources */,
				18AD9FFA2E5FADD500ECDB14 /* Frameworks */,
				18AD9FFB2E5FADD500ECDB14 /* Resources */,
			);
			buildRules = (
			);
			dependencies = (
			);
			fileSystemSynchronizedGroups = (
				18AD9FFF2E5FADD500ECDB14 /* Flashy */,
			);
			name = Flashy;
			packageProductDependencies = (
			);
			productName = Flashy;
			productReference = 18AD9FFD2E5FADD500ECDB14 /* Flashy.app */;
			productType = "com.apple.product-type.application";
		};
		18ADA0092E5FADD700ECDB14 /* FlashyTests */ = {
			isa = PBXNativeTarget;
			buildConfigurationList = 18ADA0212E5FADD700ECDB14 /* Build configuration list for PBXNativeTarget "FlashyTests" */;
			buildPhases = (
				18ADA0062E5FADD700ECDB14 /* Sources */,
				18ADA0072E5FADD700ECDB14 /* Frameworks */,
				18ADA0082E5FADD700ECDB14 /* Resources */,
			);
			buildRules = (
			);
			dependencies = (
				18ADA00C2E5FADD700ECDB14 /* PBXTargetDependency */,
			);
			fileSystemSynchronizedGroups = (
				18ADA00D2E5FADD700ECDB14 /* FlashyTests */,
			);
			name = FlashyTests;
			packageProductDependencies = (
			);
			productName = FlashyTests;
			productReference = 18ADA00A2E5FADD700ECDB14 /* FlashyTests.xctest */;
			productType = "com.apple.product-type.bundle.unit-test";
		};
		18ADA0132E5FADD700ECDB14 /* FlashyUITests */ = {
			isa = PBXNativeTarget;
			buildConfigurationList = 18ADA0242E5FADD700ECDB14 /* Build configuration list for PBXNativeTarget "FlashyUITests" */;
			buildPhases = (
				18ADA0102E5FADD700ECDB14 /* Sources */,
				18ADA0112E5FADD700ECDB14 /* Frameworks */,
				18ADA0122E5FADD700ECDB14 /* Resources */,
			);
			buildRules = (
			);
			dependencies = (
				18ADA0162E5FADD700ECDB14 /* PBXTargetDependency */,
			);
			fileSystemSynchronizedGroups = (
				18ADA0172E5FADD700ECDB14 /* FlashyUITests */,
			);
			name = FlashyUITests;
			packageProductDependencies = (
			);
			productName = FlashyUITests;
			productReference = 18ADA0142E5FADD700ECDB14 /* FlashyUITests.xctest */;
			productType = "com.apple.product-type.bundle.ui-testing";
		};
/* End PBXNativeTarget section */

/* Begin PBXProject section */
		18AD9FF52E5FADD500ECDB14 /* Project object */ = {
			isa = PBXProject;
			attributes = {
				BuildIndependentTargetsInParallel = 1;
				LastSwiftUpdateCheck = 1630;
				LastUpgradeCheck = 1630;
				TargetAttributes = {
					18AD9FFC2E5FADD500ECDB14 = {
						CreatedOnToolsVersion = 16.3;
					};
					18ADA0092E5FADD700ECDB14 = {
						CreatedOnToolsVersion = 16.3;
						TestTargetID = 18AD9FFC2E5FADD500ECDB14;
					};
					18ADA0132E5FADD700ECDB14 = {
						CreatedOnToolsVersion = 16.3;
						TestTargetID = 18AD9FFC2E5FADD500ECDB14;
					};
				};
			};
			buildConfigurationList = 18AD9FF82E5FADD500ECDB14 /* Build configuration list for PBXProject "Flashy" */;
			developmentRegion = en;
			hasScannedForEncodings = 0;
			knownRegions = (
				en,
				Base,
			);
			mainGroup = 18AD9FF42E5FADD500ECDB14;
			minimizedProjectReferenceProxies = 1;
			preferredProjectObjectVersion = 77;
			productRefGroup = 18AD9FFE2E5FADD500ECDB14 /* Products */;
			projectDirPath = "";
			projectRoot = "";
			targets = (
				18AD9FFC2E5FADD500ECDB14 /* Flashy */,
				18ADA0092E5FADD700ECDB14 /* FlashyTests */,
				18ADA0132E5FADD700ECDB14 /* FlashyUITests */,
			);
		};
/* End PBXProject section */

/* Begin PBXResourcesBuildPhase section */
		18AD9FFB2E5FADD500ECDB14 /* Resources */ = {
			isa = PBXResourcesBuildPhase;
			buildActionMask = 2147483647;
			files = (
			);
			runOnlyForDeploymentPostprocessing = 0;
		};
		18ADA0082E5FADD700ECDB14 /* Resources */ = {
			isa = PBXResourcesBuildPhase;
			buildActionMask = 2147483647;
			files = (
			);
			runOnlyForDeploymentPostprocessing = 0;
		};
		18ADA0122E5FADD700ECDB14 /* Resources */ = {
			isa = PBXResourcesBuildPhase;
			buildActionMask = 2147483647;
			files = (
			);
			runOnlyForDeploymentPostprocessing = 0;
		};
/* End PBXResourcesBuildPhase section */

/* Begin PBXSourcesBuildPhase section */
		18AD9FF92E5FADD500ECDB14 /* Sources */ = {
			isa = PBXSourcesBuildPhase;
			buildActionMask = 2147483647;
			files = (
			);
			runOnlyForDeploymentPostprocessing = 0;
		};
		18ADA0062E5FADD700ECDB14 /* Sources */ = {
			isa = PBXSourcesBuildPhase;
			buildActionMask = 2147483647;
			files = (
			);
			runOnlyForDeploymentPostprocessing = 0;
		};
		18ADA0102E5FADD700ECDB14 /* Sources */ = {
			isa = PBXSourcesBuildPhase;
			buildActionMask = 2147483647;
			files = (
			);
			runOnlyForDeploymentPostprocessing = 0;
		};
/* End PBXSourcesBuildPhase section */

/* Begin PBXTargetDependency section */
		18ADA00C2E5FADD700ECDB14 /* PBXTargetDependency */ = {
			isa = PBXTargetDependency;
			target = 18AD9FFC2E5FADD500ECDB14 /* Flashy */;
			targetProxy = 18ADA00B2E5FADD700ECDB14 /* PBXContainerItemProxy */;
		};
		18ADA0162E5FADD700ECDB14 /* PBXTargetDependency */ = {
			isa = PBXTargetDependency;
			target = 18AD9FFC2E5FADD500ECDB14 /* Flashy */;
			targetProxy = 18ADA0152E5FADD700ECDB14 /* PBXContainerItemProxy */;
		};
/* End PBXTargetDependency section */

/* Begin XCBuildConfiguration section */
		18ADA01C2E5FADD700ECDB14 /* Debug */ = {
			isa = XCBuildConfiguration;
			buildSettings = {
				ALWAYS_SEARCH_USER_PATHS = NO;
				ASSETCATALOG_COMPILER_GENERATE_SWIFT_ASSET_SYMBOL_EXTENSIONS = YES;
				CLANG_ANALYZER_NONNULL = YES;
				CLANG_ANALYZER_NUMBER_OBJECT_CONVERSION = YES_AGGRESSIVE;
				CLANG_CXX_LANGUAGE_STANDARD = "gnu++20";
				CLANG_ENABLE_MODULES = YES;
				CLANG_ENABLE_OBJC_ARC = YES;
				CLANG_ENABLE_OBJC_WEAK = YES;
				CLANG_WARN_BLOCK_CAPTURE_AUTORELEASING = YES;
				CLANG_WARN_BOOL_CONVERSION = YES;
				CLANG_WARN_COMMA = YES;
				CLANG_WARN_CONSTANT_CONVERSION = YES;
				CLANG_WARN_DEPRECATED_OBJC_IMPLEMENTATIONS = YES;
				CLANG_WARN_DIRECT_OBJC_ISA_USAGE = YES_ERROR;
				CLANG_WARN_DOCUMENTATION_COMMENTS = YES;
				CLANG_WARN_EMPTY_BODY = YES;
				CLANG_WARN_ENUM_CONVERSION = YES;
				CLANG_WARN_INFINITE_RECURSION = YES;
				CLANG_WARN_INT_CONVERSION = YES;
				CLANG_WARN_NON_LITERAL_NULL_CONVERSION = YES;
				CLANG_WARN_OBJC_IMPLICIT_RETAIN_SELF = YES;
				CLANG_WARN_OBJC_LITERAL_CONVERSION = YES;
				CLANG_WARN_OBJC_ROOT_CLASS = YES_ERROR;
				CLANG_WARN_QUOTED_INCLUDE_IN_FRAMEWORK_HEADER = YES;
				CLANG_WARN_RANGE_LOOP_ANALYSIS = YES;
				CLANG_WARN_STRICT_PROTOTYPES = YES;
				CLANG_WARN_SUSPICIOUS_MOVE = YES;
				CLANG_WARN_UNGUARDED_AVAILABILITY = YES_AGGRESSIVE;
				CLANG_WARN_UNREACHABLE_CODE = YES;
				CLANG_WARN__DUPLICATE_METHOD_MATCH = YES;
				COPY_PHASE_STRIP = NO;
				DEBUG_INFORMATION_FORMAT = dwarf;
				DEVELOPMENT_TEAM = G97MSM9WR8;
				ENABLE_STRICT_OBJC_MSGSEND = YES;
				ENABLE_TESTABILITY = YES;
				ENABLE_USER_SCRIPT_SANDBOXING = YES;
				GCC_C_LANGUAGE_STANDARD = gnu17;
				GCC_DYNAMIC_NO_PIC = NO;
				GCC_NO_COMMON_BLOCKS = YES;
				GCC_OPTIMIZATION_LEVEL = 0;
				GCC_PREPROCESSOR_DEFINITIONS = (
					"DEBUG=1",
					"$(inherited)",
				);
				GCC_WARN_64_TO_32_BIT_CONVERSION = YES;
				GCC_WARN_ABOUT_RETURN_TYPE = YES_ERROR;
				GCC_WARN_UNDECLARED_SELECTOR = YES;
				GCC_WARN_UNINITIALIZED_AUTOS = YES_AGGRESSIVE;
				GCC_WARN_UNUSED_FUNCTION = YES;
				GCC_WARN_UNUSED_VARIABLE = YES;
				IPHONEOS_DEPLOYMENT_TARGET = 18.4;
				LOCALIZATION_PREFERS_STRING_CATALOGS = YES;
				MTL_ENABLE_DEBUG_INFO = INCLUDE_SOURCE;
				MTL_FAST_MATH = YES;
				ONLY_ACTIVE_ARCH = YES;
				SDKROOT = iphoneos;
				SWIFT_ACTIVE_COMPILATION_CONDITIONS = "DEBUG $(inherited)";
				SWIFT_OPTIMIZATION_LEVEL = "-Onone";
			};
			name = Debug;
		};
		18ADA01D2E5FADD700ECDB14 /* Release */ = {
			isa = XCBuildConfiguration;
			buildSettings = {
				ALWAYS_SEARCH_USER_PATHS = NO;
				ASSETCATALOG_COMPILER_GENERATE_SWIFT_ASSET_SYMBOL_EXTENSIONS = YES;
				CLANG_ANALYZER_NONNULL = YES;
				CLANG_ANALYZER_NUMBER_OBJECT_CONVERSION = YES_AGGRESSIVE;
				CLANG_CXX_LANGUAGE_STANDARD = "gnu++20";
				CLANG_ENABLE_MODULES = YES;
				CLANG_ENABLE_OBJC_ARC = YES;
				CLANG_ENABLE_OBJC_WEAK = YES;
				CLANG_WARN_BLOCK_CAPTURE_AUTORELEASING = YES;
				CLANG_WARN_BOOL_CONVERSION = YES;
				CLANG_WARN_COMMA = YES;
				CLANG_WARN_CONSTANT_CONVERSION = YES;
				CLANG_WARN_DEPRECATED_OBJC_IMPLEMENTATIONS = YES;
				CLANG_WARN_DIRECT_OBJC_ISA_USAGE = YES_ERROR;
				CLANG_WARN_DOCUMENTATION_COMMENTS = YES;
				CLANG_WARN_EMPTY_BODY = YES;
				CLANG_WARN_ENUM_CONVERSION = YES;
				CLANG_WARN_INFINITE_RECURSION = YES;
				CLANG_WARN_INT_CONVERSION = YES;
				CLANG_WARN_NON_LITERAL_NULL_CONVERSION = YES;
				CLANG_WARN_OBJC_IMPLICIT_RETAIN_SELF = YES;
				CLANG_WARN_OBJC_LITERAL_CONVERSION = YES;
				CLANG_WARN_OBJC_ROOT_CLASS = YES_ERROR;
				CLANG_WARN_QUOTED_INCLUDE_IN_FRAMEWORK_HEADER = YES;
				CLANG_WARN_RANGE_LOOP_ANALYSIS = YES;
				CLANG_WARN_STRICT_PROTOTYPES = YES;
				CLANG_WARN_SUSPICIOUS_MOVE = YES;
				CLANG_WARN_UNGUARDED_AVAILABILITY = YES_AGGRESSIVE;
				CLANG_WARN_UNREACHABLE_CODE = YES;
				CLANG_WARN__DUPLICATE_METHOD_MATCH = YES;
				COPY_PHASE_STRIP = NO;
				DEBUG_INFORMATION_FORMAT = "dwarf-with-dsym";
				DEVELOPMENT_TEAM = G97MSM9WR8;
				ENABLE_NS_ASSERTIONS = NO;
				ENABLE_STRICT_OBJC_MSGSEND = YES;
				ENABLE_USER_SCRIPT_SANDBOXING = YES;
				GCC_C_LANGUAGE_STANDARD = gnu17;
				GCC_NO_COMMON_BLOCKS = YES;
				GCC_WARN_64_TO_32_BIT_CONVERSION = YES;
				GCC_WARN_ABOUT_RETURN_TYPE = YES_ERROR;
				GCC_WARN_UNDECLARED_SELECTOR = YES;
				GCC_WARN_UNINITIALIZED_AUTOS = YES_AGGRESSIVE;
				GCC_WARN_UNUSED_FUNCTION = YES;
				GCC_WARN_UNUSED_VARIABLE = YES;
				IPHONEOS_DEPLOYMENT_TARGET = 18.4;
				LOCALIZATION_PREFERS_STRING_CATALOGS = YES;
				MTL_ENABLE_DEBUG_INFO = NO;
				MTL_FAST_MATH = YES;
				SDKROOT = iphoneos;
				SWIFT_COMPILATION_MODE = wholemodule;
				VALIDATE_PRODUCT = YES;
			};
			name = Release;
		};
		18ADA01F2E5FADD700ECDB14 /* Debug */ = {
			isa = XCBuildConfiguration;
			buildSettings = {
				ASSETCATALOG_COMPILER_APPICON_NAME = AppIcon;
				ASSETCATALOG_COMPILER_GLOBAL_ACCENT_COLOR_NAME = AccentColor;
				CODE_SIGN_STYLE = Automatic;
				CURRENT_PROJECT_VERSION = 1;
				DEVELOPMENT_TEAM = G97MSM9WR8;
				ENABLE_PREVIEWS = YES;
				GENERATE_INFOPLIST_FILE = YES;
				INFOPLIST_KEY_UIApplicationSceneManifest_Generation = YES;
				INFOPLIST_KEY_UIApplicationSupportsIndirectInputEvents = YES;
				INFOPLIST_KEY_UILaunchScreen_Generation = YES;
				INFOPLIST_KEY_UISupportedInterfaceOrientations_iPad = "UIInterfaceOrientationPortrait UIInterfaceOrientationPortraitUpsideDown UIInterfaceOrientationLandscapeLeft UIInterfaceOrientationLandscapeRight";
				INFOPLIST_KEY_UISupportedInterfaceOrientations_iPhone = "UIInterfaceOrientationPortrait UIInterfaceOrientationLandscapeLeft UIInterfaceOrientationLandscapeRight";
				LD_RUNPATH_SEARCH_PATHS = (
					"$(inherited)",
					"@executable_path/Frameworks",
				);
				MARKETING_VERSION = 1.0;
				PRODUCT_BUNDLE_IDENTIFIER = co.ziaahmed.iosapp.flashy.Flashy;
				PRODUCT_NAME = "$(TARGET_NAME)";
				SWIFT_EMIT_LOC_STRINGS = YES;
				SWIFT_VERSION = 5.0;
				TARGETED_DEVICE_FAMILY = "1,2";
			};
			name = Debug;
		};
		18ADA0202E5FADD700ECDB14 /* Release */ = {
			isa = XCBuildConfiguration;
			buildSettings = {
				ASSETCATALOG_COMPILER_APPICON_NAME = AppIcon;
				ASSETCATALOG_COMPILER_GLOBAL_ACCENT_COLOR_NAME = AccentColor;
				CODE_SIGN_STYLE = Automatic;
				CURRENT_PROJECT_VERSION = 1;
				DEVELOPMENT_TEAM = G97MSM9WR8;
				ENABLE_PREVIEWS = YES;
				GENERATE_INFOPLIST_FILE = YES;
				INFOPLIST_KEY_UIApplicationSceneManifest_Generation = YES;
				INFOPLIST_KEY_UIApplicationSupportsIndirectInputEvents = YES;
				INFOPLIST_KEY_UILaunchScreen_Generation = YES;
				INFOPLIST_KEY_UISupportedInterfaceOrientations_iPad = "UIInterfaceOrientationPortrait UIInterfaceOrientationPortraitUpsideDown UIInterfaceOrientationLandscapeLeft UIInterfaceOrientationLandscapeRight";
				INFOPLIST_KEY_UISupportedInterfaceOrientations_iPhone = "UIInterfaceOrientationPortrait UIInterfaceOrientationLandscapeLeft UIInterfaceOrientationLandscapeRight";
				LD_RUNPATH_SEARCH_PATHS = (
					"$(inherited)",
					"@executable_path/Frameworks",
				);
				MARKETING_VERSION = 1.0;
				PRODUCT_BUNDLE_IDENTIFIER = co.ziaahmed.iosapp.flashy.Flashy;
				PRODUCT_NAME = "$(TARGET_NAME)";
				SWIFT_EMIT_LOC_STRINGS = YES;
				SWIFT_VERSION = 5.0;
				TARGETED_DEVICE_FAMILY = "1,2";
			};
			name = Release;
		};
		18ADA0222E5FADD700ECDB14 /* Debug */ = {
			isa = XCBuildConfiguration;
			buildSettings = {
				BUNDLE_LOADER = "$(TEST_HOST)";
				CODE_SIGN_STYLE = Automatic;
				CURRENT_PROJECT_VERSION = 1;
				DEVELOPMENT_TEAM = G97MSM9WR8;
				GENERATE_INFOPLIST_FILE = YES;
				IPHONEOS_DEPLOYMENT_TARGET = 18.4;
				MARKETING_VERSION = 1.0;
				PRODUCT_BUNDLE_IDENTIFIER = co.ziaahmed.iosapp.flashy.FlashyTests;
				PRODUCT_NAME = "$(TARGET_NAME)";
				SWIFT_EMIT_LOC_STRINGS = NO;
				SWIFT_VERSION = 5.0;
				TARGETED_DEVICE_FAMILY = "1,2";
				TEST_HOST = "$(BUILT_PRODUCTS_DIR)/Flashy.app/$(BUNDLE_EXECUTABLE_FOLDER_PATH)/Flashy";
			};
			name = Debug;
		};
		18ADA0232E5FADD700ECDB14 /* Release */ = {
			isa = XCBuildConfiguration;
			buildSettings = {
				BUNDLE_LOADER = "$(TEST_HOST)";
				CODE_SIGN_STYLE = Automatic;
				CURRENT_PROJECT_VERSION = 1;
				DEVELOPMENT_TEAM = G97MSM9WR8;
				GENERATE_INFOPLIST_FILE = YES;
				IPHONEOS_DEPLOYMENT_TARGET = 18.4;
				MARKETING_VERSION = 1.0;
				PRODUCT_BUNDLE_IDENTIFIER = co.ziaahmed.iosapp.flashy.FlashyTests;
				PRODUCT_NAME = "$(TARGET_NAME)";
				SWIFT_EMIT_LOC_STRINGS = NO;
				SWIFT_VERSION = 5.0;
				TARGETED_DEVICE_FAMILY = "1,2";
				TEST_HOST = "$(BUILT_PRODUCTS_DIR)/Flashy.app/$(BUNDLE_EXECUTABLE_FOLDER_PATH)/Flashy";
			};
			name = Release;
		};
		18ADA0252E5FADD700ECDB14 /* Debug */ = {
			isa = XCBuildConfiguration;
			buildSettings = {
				CODE_SIGN_STYLE = Automatic;
				CURRENT_PROJECT_VERSION = 1;
				DEVELOPMENT_TEAM = G97MSM9WR8;
				GENERATE_INFOPLIST_FILE = YES;
				MARKETING_VERSION = 1.0;
				PRODUCT_BUNDLE_IDENTIFIER = co.ziaahmed.iosapp.flashy.FlashyUITests;
				PRODUCT_NAME = "$(TARGET_NAME)";
				SWIFT_EMIT_LOC_STRINGS = NO;
				SWIFT_VERSION = 5.0;
				TARGETED_DEVICE_FAMILY = "1,2";
				TEST_TARGET_NAME = Flashy;
			};
			name = Debug;
		};
		18ADA0262E5FADD700ECDB14 /* Release */ = {
			isa = XCBuildConfiguration;
			buildSettings = {
				CODE_SIGN_STYLE = Automatic;
				CURRENT_PROJECT_VERSION = 1;
				DEVELOPMENT_TEAM = G97MSM9WR8;
				GENERATE_INFOPLIST_FILE = YES;
				MARKETING_VERSION = 1.0;
				PRODUCT_BUNDLE_IDENTIFIER = co.ziaahmed.iosapp.flashy.FlashyUITests;
				PRODUCT_NAME = "$(TARGET_NAME)";
				SWIFT_EMIT_LOC_STRINGS = NO;
				SWIFT_VERSION = 5.0;
				TARGETED_DEVICE_FAMILY = "1,2";
				TEST_TARGET_NAME = Flashy;
			};
			name = Release;
		};
/* End XCBuildConfiguration section */

/* Begin XCConfigurationList section */
		18AD9FF82E5FADD500ECDB14 /* Build configuration list for PBXProject "Flashy" */ = {
			isa = XCConfigurationList;
			buildConfigurations = (
				18ADA01C2E5FADD700ECDB14 /* Debug */,
				18ADA01D2E5FADD700ECDB14 /* Release */,
			);
			defaultConfigurationIsVisible = 0;
			defaultConfigurationName = Release;
		};
		18ADA01E2E5FADD700ECDB14 /* Build configuration list for PBXNativeTarget "Flashy" */ = {
			isa = XCConfigurationList;
			buildConfigurations = (
				18ADA01F2E5FADD700ECDB14 /* Debug */,
				18ADA0202E5FADD700ECDB14 /* Release */,
			);
			defaultConfigurationIsVisible = 0;
			defaultConfigurationName = Release;
		};
		18ADA0212E5FADD700ECDB14 /* Build configuration list for PBXNativeTarget "FlashyTests" */ = {
			isa = XCConfigurationList;
			buildConfigurations = (
				18ADA0222E5FADD700ECDB14 /* Debug */,
				18ADA0232E5FADD700ECDB14 /* Release */,
			);
			defaultConfigurationIsVisible = 0;
			defaultConfigurationName = Release;
		};
		18ADA0242E5FADD700ECDB14 /* Build configuration list for PBXNativeTarget "FlashyUITests" */ = {
			isa = XCConfigurationList;
			buildConfigurations = (
				18ADA0252E5FADD700ECDB14 /* Debug */,
				18ADA0262E5FADD700ECDB14 /* Release */,
			);
			defaultConfigurationIsVisible = 0;
			defaultConfigurationName = Release;
		};
/* End XCConfigurationList section */
	};
	rootObject = 18AD9FF52E5FADD500ECDB14 /* Project object */;
}
